
Microsoft Visual Studio Solution File, Format Version 12.00
# Visual Studio 14
VisualStudioVersion = 14.0.25420.1
MinimumVisualStudioVersion = 10.0.40219.1
Project("{2150E333-8FDC-42A3-9474-1A3956D46DE8}") = "Solution Items", "Solution Items", "{538BE65E-4A78-4CE6-9BCA-69DA702ACA5B}"
	ProjectSection(SolutionItems) = preProject
		.gitignore = .gitignore
		build.cake = build.cake
		build.ps1 = build.ps1
		global.json = global.json
		README.md = README.md
	EndProjectSection
EndProject
Project("{8BB2217D-0F2D-49D1-97BC-3654ED321F3B}") = "DoTheSpriteThing", "src\DoTheSpriteThing\DoTheSpriteThing.xproj", "{3CE0D664-9542-4015-9C37-D200B95D2EE4}"
EndProject
Project("{8BB2217D-0F2D-49D1-97BC-3654ED321F3B}") = "DoTheSpriteThing.Testbed", "test\DoTheSpriteThing.Testbed\DoTheSpriteThing.Testbed.xproj", "{98009248-5D78-48EA-9E31-D0EB7E1539C3}"
EndProject
Project("{8BB2217D-0F2D-49D1-97BC-3654ED321F3B}") = "DoTheSpriteThing.Tests", "test\DoTheSpriteThing.Tests\DoTheSpriteThing.Tests.xproj", "{4FDA9738-C41F-4527-8B51-279246EB17AF}"
EndProject
Global
	GlobalSection(SolutionConfigurationPlatforms) = preSolution
		Debug|Any CPU = Debug|Any CPU
		Release|Any CPU = Release|Any CPU
	EndGlobalSection
	GlobalSection(ProjectConfigurationPlatforms) = postSolution
		{3CE0D664-9542-4015-9C37-D200B95D2EE4}.Debug|Any CPU.ActiveCfg = Debug|Any CPU
		{3CE0D664-9542-4015-9C37-D200B95D2EE4}.Debug|Any CPU.Build.0 = Debug|Any CPU
		{3CE0D664-9542-4015-9C37-D200B95D2EE4}.Release|Any CPU.ActiveCfg = Release|Any CPU
		{3CE0D664-9542-4015-9C37-D200B95D2EE4}.Release|Any CPU.Build.0 = Release|Any CPU
		{98009248-5D78-48EA-9E31-D0EB7E1539C3}.Debug|Any CPU.ActiveCfg = Debug|Any CPU
		{98009248-5D78-48EA-9E31-D0EB7E1539C3}.Debug|Any CPU.Build.0 = Debug|Any CPU
		{98009248-5D78-48EA-9E31-D0EB7E1539C3}.Release|Any CPU.ActiveCfg = Release|Any CPU
		{98009248-5D78-48EA-9E31-D0EB7E1539C3}.Release|Any CPU.Build.0 = Release|Any CPU
		{4FDA9738-C41F-4527-8B51-279246EB17AF}.Debug|Any CPU.ActiveCfg = Debug|Any CPU
		{4FDA9738-C41F-4527-8B51-279246EB17AF}.Debug|Any CPU.Build.0 = Debug|Any CPU
		{4FDA9738-C41F-4527-8B51-279246EB17AF}.Release|Any CPU.ActiveCfg = Release|Any CPU
		{4FDA9738-C41F-4527-8B51-279246EB17AF}.Release|Any CPU.Build.0 = Release|Any CPU
	EndGlobalSection
	GlobalSection(SolutionProperties) = preSolution
		HideSolutionNode = FALSE
	EndGlobalSection
EndGlobal
